
Microsoft Visual Studio Solution File, Format Version 12.00
# Visual Studio Version 16
VisualStudioVersion = 16.0.30503.244
MinimumVisualStudioVersion = 10.0.40219.1
Project("{FAE04EC0-301F-11D3-BF4B-00C04F79EFBC}") = "Delegation_Composition", "Delegation_Composition\Delegation_Composition.csproj", "{6BC92B7F-C1C2-494A-B5A5-FCA9C9BF5D1D}"
EndProject
Global
	GlobalSection(SolutionConfigurationPlatforms) = preSolution
		Debug|Any CPU = Debug|Any CPU
		Release|Any CPU = Release|Any CPU
	EndGlobalSection
	GlobalSection(ProjectConfigurationPlatforms) = postSolution
		{6BC92B7F-C1C2-494A-B5A5-FCA9C9BF5D1D}.Debug|Any CPU.ActiveCfg = Debug|Any CPU
		{6BC92B7F-C1C2-494A-B5A5-FCA9C9BF5D1D}.Debug|Any CPU.Build.0 = Debug|Any CPU
		{6BC92B7F-C1C2-494A-B5A5-FCA9C9BF5D1D}.Release|Any CPU.ActiveCfg = Release|Any CPU
		{6BC92B7F-C1C2-494A-B5A5-FCA9C9BF5D1D}.Release|Any CPU.Build.0 = Release|Any CPU
	EndGlobalSection
	GlobalSection(SolutionProperties) = preSolution
		HideSolutionNode = FALSE
	EndGlobalSection
	GlobalSection(ExtensibilityGlobals) = postSolution
		SolutionGuid = {18A76FC9-B8BE-4867-9659-1714E7391C94}
	EndGlobalSection
EndGlobal
